// !$*UTF8*$!
{
	archiveVersion = 1;
	classes = {
	};
	objectVersion = 50;
	objects = {

/* Begin PBXBuildFile section */
		6014F381216FC458000FC5BF /* AppDelegate.swift in Sources */ = {isa = PBXBuildFile; fileRef = 6014F380216FC458000FC5BF /* AppDelegate.swift */; };
		6014F383216FC458000FC5BF /* ViewController.swift in Sources */ = {isa = PBXBuildFile; fileRef = 6014F382216FC458000FC5BF /* ViewController.swift */; };
		6014F386216FC458000FC5BF /* Main.storyboard in Resources */ = {isa = PBXBuildFile; fileRef = 6014F384216FC458000FC5BF /* Main.storyboard */; };
		6014F388216FC45E000FC5BF /* Assets.xcassets in Resources */ = {isa = PBXBuildFile; fileRef = 6014F387216FC45E000FC5BF /* Assets.xcassets */; };
		6014F38B216FC45E000FC5BF /* LaunchScreen.storyboard in Resources */ = {isa = PBXBuildFile; fileRef = 6014F389216FC45E000FC5BF /* LaunchScreen.storyboard */; };
		6014F393216FC483000FC5BF /* Request.swift in Sources */ = {isa = PBXBuildFile; fileRef = 6014F392216FC483000FC5BF /* Request.swift */; };
		6021B6302175C588000F67F2 /* TweetTableViewCell.swift in Sources */ = {isa = PBXBuildFile; fileRef = 6021B62F2175C588000F67F2 /* TweetTableViewCell.swift */; };
		6026692A21737E18007AD1FC /* TweetModel.swift in Sources */ = {isa = PBXBuildFile; fileRef = 6026692921737E18007AD1FC /* TweetModel.swift */; };
		6026692E217382A4007AD1FC /* APIController.swift in Sources */ = {isa = PBXBuildFile; fileRef = 6026692D217382A4007AD1FC /* APIController.swift */; };
/* End PBXBuildFile section */

/* Begin PBXFileReference section */
		6014F37D216FC458000FC5BF /* Tweets.app */ = {isa = PBXFileReference; explicitFileType = wrapper.application; includeInIndex = 0; path = Tweets.app; sourceTree = BUILT_PRODUCTS_DIR; };
		6014F380216FC458000FC5BF /* AppDelegate.swift */ = {isa = PBXFileReference; lastKnownFileType = sourcecode.swift; path = AppDelegate.swift; sourceTree = "<group>"; };
		6014F382216FC458000FC5BF /* ViewController.swift */ = {isa = PBXFileReference; lastKnownFileType = sourcecode.swift; path = ViewController.swift; sourceTree = "<group>"; };
		6014F385216FC458000FC5BF /* Base */ = {isa = PBXFileReference; lastKnownFileType = file.storyboard; name = Base; path = Base.lproj/Main.storyboard; sourceTree = "<group>"; };
		6014F387216FC45E000FC5BF /* Assets.xcassets */ = {isa = PBXFileReference; lastKnownFileType = folder.assetcatalog; path = Assets.xcassets; sourceTree = "<group>"; };
		6014F38A216FC45E000FC5BF /* Base */ = {isa = PBXFileReference; lastKnownFileType = file.storyboard; name = Base; path = Base.lproj/LaunchScreen.storyboard; sourceTree = "<group>"; };
		6014F38C216FC45E000FC5BF /* Info.plist */ = {isa = PBXFileReference; lastKnownFileType = text.plist.xml; path = Info.plist; sourceTree = "<group>"; };
		6014F392216FC483000FC5BF /* Request.swift */ = {isa = PBXFileReference; lastKnownFileType = sourcecode.swift; path = Request.swift; sourceTree = "<group>"; };
		6021B62F2175C588000F67F2 /* TweetTableViewCell.swift */ = {isa = PBXFileReference; lastKnownFileType = sourcecode.swift; path = TweetTableViewCell.swift; sourceTree = "<group>"; };
		6026692921737E18007AD1FC /* TweetModel.swift */ = {isa = PBXFileReference; lastKnownFileType = sourcecode.swift; path = TweetModel.swift; sourceTree = "<group>"; };
		6026692D217382A4007AD1FC /* APIController.swift */ = {isa = PBXFileReference; lastKnownFileType = sourcecode.swift; path = APIController.swift; sourceTree = "<group>"; };
/* End PBXFileReference section */

/* Begin PBXFrameworksBuildPhase section */
		6014F37A216FC458000FC5BF /* Frameworks */ = {
			isa = PBXFrameworksBuildPhase;
			buildActionMask = 2147483647;
			files = (
			);
			runOnlyForDeploymentPostprocessing = 0;
		};
/* End PBXFrameworksBuildPhase section */

/* Begin PBXGroup section */
		6014F374216FC457000FC5BF = {
			isa = PBXGroup;
			children = (
				6014F37F216FC458000FC5BF /* Tweets */,
				6014F37E216FC458000FC5BF /* Products */,
			);
			sourceTree = "<group>";
		};
		6014F37E216FC458000FC5BF /* Products */ = {
			isa = PBXGroup;
			children = (
				6014F37D216FC458000FC5BF /* Tweets.app */,
			);
			name = Products;
			sourceTree = "<group>";
		};
		6014F37F216FC458000FC5BF /* Tweets */ = {
			isa = PBXGroup;
			children = (
				6014F380216FC458000FC5BF /* AppDelegate.swift */,
				6014F382216FC458000FC5BF /* ViewController.swift */,
				6026692D217382A4007AD1FC /* APIController.swift */,
				6026692921737E18007AD1FC /* TweetModel.swift */,
				6014F384216FC458000FC5BF /* Main.storyboard */,
				6021B62F2175C588000F67F2 /* TweetTableViewCell.swift */,
				6014F387216FC45E000FC5BF /* Assets.xcassets */,
				6014F389216FC45E000FC5BF /* LaunchScreen.storyboard */,
				6014F38C216FC45E000FC5BF /* Info.plist */,
				6014F392216FC483000FC5BF /* Request.swift */,
			);
			path = Tweets;
			sourceTree = "<group>";
		};
/* End PBXGroup section */

/* Begin PBXNativeTarget section */
		6014F37C216FC458000FC5BF /* Tweets */ = {
			isa = PBXNativeTarget;
			buildConfigurationList = 6014F38F216FC45E000FC5BF /* Build configuration list for PBXNativeTarget "Tweets" */;
			buildPhases = (
				6014F379216FC458000FC5BF /* Sources */,
				6014F37A216FC458000FC5BF /* Frameworks */,
				6014F37B216FC458000FC5BF /* Resources */,
			);
			buildRules = (
			);
			dependencies = (
			);
			name = Tweets;
			productName = Tweets;
			productReference = 6014F37D216FC458000FC5BF /* Tweets.app */;
			productType = "com.apple.product-type.application";
		};
/* End PBXNativeTarget section */

/* Begin PBXProject section */
		6014F375216FC457000FC5BF /* Project object */ = {
			isa = PBXProject;
			attributes = {
				LastSwiftUpdateCheck = 1000;
				LastUpgradeCheck = 1000;
				ORGANIZATIONNAME = "Anastasia Veremiichyk";
				TargetAttributes = {
					6014F37C216FC458000FC5BF = {
						CreatedOnToolsVersion = 10.0;
					};
				};
			};
			buildConfigurationList = 6014F378216FC457000FC5BF /* Build configuration list for PBXProject "Tweets" */;
			compatibilityVersion = "Xcode 9.3";
			developmentRegion = en;
			hasScannedForEncodings = 0;
			knownRegions = (
				en,
				Base,
			);
			mainGroup = 6014F374216FC457000FC5BF;
			productRefGroup = 6014F37E216FC458000FC5BF /* Products */;
			projectDirPath = "";
			projectRoot = "";
			targets = (
				6014F37C216FC458000FC5BF /* Tweets */,
			);
		};
/* End PBXProject section */

/* Begin PBXResourcesBuildPhase section */
		6014F37B216FC458000FC5BF /* Resources */ = {
			isa = PBXResourcesBuildPhase;
			buildActionMask = 2147483647;
			files = (
				6014F38B216FC45E000FC5BF /* LaunchScreen.storyboard in Resources */,
				6014F388216FC45E000FC5BF /* Assets.xcassets in Resources */,
				6014F386216FC458000FC5BF /* Main.storyboard in Resources */,
			);
			runOnlyForDeploymentPostprocessing = 0;
		};
/* End PBXResourcesBuildPhase section */

/* Begin PBXSourcesBuildPhase section */
		6014F379216FC458000FC5BF /* Sources */ = {
			isa = PBXSourcesBuildPhase;
			buildActionMask = 2147483647;
			files = (
				6014F383216FC458000FC5BF /* ViewController.swift in Sources */,
				6026692A21737E18007AD1FC /* TweetModel.swift in Sources */,
				6014F393216FC483000FC5BF /* Request.swift in Sources */,
				6014F381216FC458000FC5BF /* AppDelegate.swift in Sources */,
				6026692E217382A4007AD1FC /* APIController.swift in Sources */,
				6021B6302175C588000F67F2 /* TweetTableViewCell.swift in Sources */,
			);
			runOnlyForDeploymentPostprocessing = 0;
		};
/* End PBXSourcesBuildPhase section */

/* Begin PBXVariantGroup section */
		6014F384216FC458000FC5BF /* Main.storyboard */ = {
			isa = PBXVariantGroup;
			children = (
				6014F385216FC458000FC5BF /* Base */,
			);
			name = Main.storyboard;
			sourceTree = "<group>";
		};
		6014F389216FC45E000FC5BF /* LaunchScreen.storyboard */ = {
			isa = PBXVariantGroup;
			children = (
				6014F38A216FC45E000FC5BF /* Base */,
			);
			name = LaunchScreen.storyboard;
			sourceTree = "<group>";
		};
/* End PBXVariantGroup section */

/* Begin XCBuildConfiguration section */
		6014F38D216FC45E000FC5BF /* Debug */ = {
			isa = XCBuildConfiguration;
			buildSettings = {
				ALWAYS_SEARCH_USER_PATHS = NO;
				CLANG_ANALYZER_NONNULL = YES;
				CLANG_ANALYZER_NUMBER_OBJECT_CONVERSION = YES_AGGRESSIVE;
				CLANG_CXX_LANGUAGE_STANDARD = "gnu++14";
				CLANG_CXX_LIBRARY = "libc++";
				CLANG_ENABLE_MODULES = YES;
				CLANG_ENABLE_OBJC_ARC = YES;
				CLANG_ENABLE_OBJC_WEAK = YES;
				CLANG_WARN_BLOCK_CAPTURE_AUTORELEASING = YES;
				CLANG_WARN_BOOL_CONVERSION = YES;
				CLANG_WARN_COMMA = YES;
				CLANG_WARN_CONSTANT_CONVERSION = YES;
				CLANG_WARN_DEPRECATED_OBJC_IMPLEMENTATIONS = YES;
				CLANG_WARN_DIRECT_OBJC_ISA_USAGE = YES_ERROR;
				CLANG_WARN_DOCUMENTATION_COMMENTS = YES;
				CLANG_WARN_EMPTY_BODY = YES;
				CLANG_WARN_ENUM_CONVERSION = YES;
				CLANG_WARN_INFINITE_RECURSION = YES;
				CLANG_WARN_INT_CONVERSION = YES;
				CLANG_WARN_NON_LITERAL_NULL_CONVERSION = YES;
				CLANG_WARN_OBJC_IMPLICIT_RETAIN_SELF = YES;
				CLANG_WARN_OBJC_LITERAL_CONVERSION = YES;
				CLANG_WARN_OBJC_ROOT_CLASS = YES_ERROR;
				CLANG_WARN_RANGE_LOOP_ANALYSIS = YES;
				CLANG_WARN_STRICT_PROTOTYPES = YES;
				CLANG_WARN_SUSPICIOUS_MOVE = YES;
				CLANG_WARN_UNGUARDED_AVAILABILITY = YES_AGGRESSIVE;
				CLANG_WARN_UNREACHABLE_CODE = YES;
				CLANG_WARN__DUPLICATE_METHOD_MATCH = YES;
				CODE_SIGN_IDENTITY = "iPhone Developer";
				COPY_PHASE_STRIP = NO;
				DEBUG_INFORMATION_FORMAT = dwarf;
				ENABLE_STRICT_OBJC_MSGSEND = YES;
				ENABLE_TESTABILITY = YES;
				GCC_C_LANGUAGE_STANDARD = gnu11;
				GCC_DYNAMIC_NO_PIC = NO;
				GCC_NO_COMMON_BLOCKS = YES;
				GCC_OPTIMIZATION_LEVEL = 0;
				GCC_PREPROCESSOR_DEFINITIONS = (
					"DEBUG=1",
					"$(inherited)",
				);
				GCC_WARN_64_TO_32_BIT_CONVERSION = YES;
				GCC_WARN_ABOUT_RETURN_TYPE = YES_ERROR;
				GCC_WARN_UNDECLARED_SELECTOR = YES;
				GCC_WARN_UNINITIALIZED_AUTOS = YES_AGGRESSIVE;
				GCC_WARN_UNUSED_FUNCTION = YES;
				GCC_WARN_UNUSED_VARIABLE = YES;
				IPHONEOS_DEPLOYMENT_TARGET = 12.0;
				MTL_ENABLE_DEBUG_INFO = INCLUDE_SOURCE;
				MTL_FAST_MATH = YES;
				ONLY_ACTIVE_ARCH = YES;
				SDKROOT = iphoneos;
				SWIFT_ACTIVE_COMPILATION_CONDITIONS = DEBUG;
				SWIFT_OPTIMIZATION_LEVEL = "-Onone";
			};
			name = Debug;
		};
		6014F38E216FC45E000FC5BF /* Release */ = {
			isa = XCBuildConfiguration;
			buildSettings = {
				ALWAYS_SEARCH_USER_PATHS = NO;
				CLANG_ANALYZER_NONNULL = YES;
				CLANG_ANALYZER_NUMBER_OBJECT_CONVERSION = YES_AGGRESSIVE;
				CLANG_CXX_LANGUAGE_STANDARD = "gnu++14";
				CLANG_CXX_LIBRARY = "libc++";
				CLANG_ENABLE_MODULES = YES;
				CLANG_ENABLE_OBJC_ARC = YES;
				CLANG_ENABLE_OBJC_WEAK = YES;
				CLANG_WARN_BLOCK_CAPTURE_AUTORELEASING = YES;
				CLANG_WARN_BOOL_CONVERSION = YES;
				CLANG_WARN_COMMA = YES;
				CLANG_WARN_CONSTANT_CONVERSION = YES;
				CLANG_WARN_DEPRECATED_OBJC_IMPLEMENTATIONS = YES;
				CLANG_WARN_DIRECT_OBJC_ISA_USAGE = YES_ERROR;
				CLANG_WARN_DOCUMENTATION_COMMENTS = YES;
				CLANG_WARN_EMPTY_BODY = YES;
				CLANG_WARN_ENUM_CONVERSION = YES;
				CLANG_WARN_INFINITE_RECURSION = YES;
				CLANG_WARN_INT_CONVERSION = YES;
				CLANG_WARN_NON_LITERAL_NULL_CONVERSION = YES;
				CLANG_WARN_OBJC_IMPLICIT_RETAIN_SELF = YES;
				CLANG_WARN_OBJC_LITERAL_CONVERSION = YES;
				CLANG_WARN_OBJC_ROOT_CLASS = YES_ERROR;
				CLANG_WARN_RANGE_LOOP_ANALYSIS = YES;
				CLANG_WARN_STRICT_PROTOTYPES = YES;
				CLANG_WARN_SUSPICIOUS_MOVE = YES;
				CLANG_WARN_UNGUARDED_AVAILABILITY = YES_AGGRESSIVE;
				CLANG_WARN_UNREACHABLE_CODE = YES;
				CLANG_WARN__DUPLICATE_METHOD_MATCH = YES;
				CODE_SIGN_IDENTITY = "iPhone Developer";
				COPY_PHASE_STRIP = NO;
				DEBUG_INFORMATION_FORMAT = "dwarf-with-dsym";
				ENABLE_NS_ASSERTIONS = NO;
				ENABLE_STRICT_OBJC_MSGSEND = YES;
				GCC_C_LANGUAGE_STANDARD = gnu11;
				GCC_NO_COMMON_BLOCKS = YES;
				GCC_WARN_64_TO_32_BIT_CONVERSION = YES;
				GCC_WARN_ABOUT_RETURN_TYPE = YES_ERROR;
				GCC_WARN_UNDECLARED_SELECTOR = YES;
				GCC_WARN_UNINITIALIZED_AUTOS = YES_AGGRESSIVE;
				GCC_WARN_UNUSED_FUNCTION = YES;
				GCC_WARN_UNUSED_VARIABLE = YES;
				IPHONEOS_DEPLOYMENT_TARGET = 12.0;
				MTL_ENABLE_DEBUG_INFO = NO;
				MTL_FAST_MATH = YES;
				SDKROOT = iphoneos;
				SWIFT_COMPILATION_MODE = wholemodule;
				SWIFT_OPTIMIZATION_LEVEL = "-O";
				VALIDATE_PRODUCT = YES;
			};
			name = Release;
		};
		6014F390216FC45E000FC5BF /* Debug */ = {
			isa = XCBuildConfiguration;
			buildSettings = {
				ASSETCATALOG_COMPILER_APPICON_NAME = AppIcon;
				CODE_SIGN_STYLE = Automatic;
				INFOPLIST_FILE = Tweets/Info.plist;
				LD_RUNPATH_SEARCH_PATHS = (
					"$(inherited)",
					"@executable_path/Frameworks",
				);
				PRODUCT_BUNDLE_IDENTIFIER = "com.anastasiia-veremiichyk.Tweets";
				PRODUCT_NAME = "$(TARGET_NAME)";
				SWIFT_VERSION = 4.2;
				TARGETED_DEVICE_FAMILY = "1,2";
			};
			name = Debug;
		};
		6014F391216FC45E000FC5BF /* Release */ = {
			isa = XCBuildConfiguration;
			buildSettings = {
				ASSETCATALOG_COMPILER_APPICON_NAME = AppIcon;
				CODE_SIGN_STYLE = Automatic;
				INFOPLIST_FILE = Tweets/Info.plist;
				LD_RUNPATH_SEARCH_PATHS = (
					"$(inherited)",
					"@executable_path/Frameworks",
				);
				PRODUCT_BUNDLE_IDENTIFIER = "com.anastasiia-veremiichyk.Tweets";
				PRODUCT_NAME = "$(TARGET_NAME)";
				SWIFT_VERSION = 4.2;
				TARGETED_DEVICE_FAMILY = "1,2";
			};
			name = Release;
		};
/* End XCBuildConfiguration section */

/* Begin XCConfigurationList section */
		6014F378216FC457000FC5BF /* Build configuration list for PBXProject "Tweets" */ = {
			isa = XCConfigurationList;
			buildConfigurations = (
				6014F38D216FC45E000FC5BF /* Debug */,
				6014F38E216FC45E000FC5BF /* Release */,
			);
			defaultConfigurationIsVisible = 0;
			defaultConfigurationName = Release;
		};
		6014F38F216FC45E000FC5BF /* Build configuration list for PBXNativeTarget "Tweets" */ = {
			isa = XCConfigurationList;
			buildConfigurations = (
				6014F390216FC45E000FC5BF /* Debug */,
				6014F391216FC45E000FC5BF /* Release */,
			);
			defaultConfigurationIsVisible = 0;
			defaultConfigurationName = Release;
		};
/* End XCConfigurationList section */
	};
	rootObject = 6014F375216FC457000FC5BF /* Project object */;
}
